{
    "_readme": [
        "This file locks the dependencies of your project to a known state",
        "Read more about it at https://getcomposer.org/doc/01-basic-usage.md#installing-dependencies",
        "This file is @generated automatically"
    ],
    "content-hash": "83c0cda54ab94209f797d430529c742d",
    "packages": [
        {
            "name": "clancats/hydrahon",
            "version": "v1.1.14",
            "source": {
                "type": "git",
                "url": "https://github.com/ClanCats/Hydrahon.git",
                "reference": "b1e1b2207ff57815a41e6832803cdc1d46e36f19"
            },
            "dist": {
                "type": "zip",
                "url": "https://api.github.com/repos/ClanCats/Hydrahon/zipball/b1e1b2207ff57815a41e6832803cdc1d46e36f19",
                "reference": "b1e1b2207ff57815a41e6832803cdc1d46e36f19",
                "shasum": ""
            },
            "require": {
                "php": ">=5.4.0"
            },
            "require-dev": {
                "phpunit/phpunit": "4.*"
            },
            "type": "library",
            "autoload": {
                "psr-4": {
                    "ClanCats\\Hydrahon\\": "src/"
                }
            },
            "notification-url": "https://packagist.org/downloads/",
            "license": [
                "MIT"
            ],
            "authors": [
                {
                    "name": "Mario Döring",
                    "role": "Developer"
                }
            ],
            "description": "Fast & standalone PHP MySQL Query Builder library.",
            "homepage": "https://github.com/ClanCats/Hydrahon",
            "keywords": [
                "builder",
                "database",
                "mysql",
                "query",
                "sqlite"
            ],
            "support": {
                "issues": "https://github.com/ClanCats/Hydrahon/issues",
                "source": "https://github.com/ClanCats/Hydrahon/tree/v1.1.14"
            },
            "time": "2020-09-30T14:43:29+00:00"
        },
        {
            "name": "fpdf/fpdf",
            "version": "1.84.0",
            "source": {
                "type": "git",
                "url": "https://github.com/coreydoughty/Fpdf.git",
                "reference": "4d6fe08d3d200ccdb259dba84cfb363ed68230bc"
            },
            "dist": {
                "type": "zip",
                "url": "https://api.github.com/repos/coreydoughty/Fpdf/zipball/4d6fe08d3d200ccdb259dba84cfb363ed68230bc",
                "reference": "4d6fe08d3d200ccdb259dba84cfb363ed68230bc",
                "shasum": ""
            },
            "require": {
                "php": ">=5.6.0"
            },
            "type": "library",
            "autoload": {
                "psr-4": {
                    "Fpdf\\": "src/Fpdf"
                }
            },
            "notification-url": "https://packagist.org/downloads/",
            "license": [
                "MIT"
            ],
            "authors": [
                {
                    "name": "Corey Doughty",
                    "email": "corey@doughty.ca"
                }
            ],
            "description": "FPDF Composer Wrapper",
            "homepage": "https://github.com/coreydoughty/Fpdf",
            "keywords": [
                "fpdf",
                "pdf",
                "wrapper"
            ],
            "support": {
                "issues": "https://github.com/coreydoughty/Fpdf/issues",
                "source": "https://github.com/coreydoughty/Fpdf/tree/1.84.0"
            },
            "time": "2022-04-07T18:18:05+00:00"
        }
    ],
    "packages-dev": [],
    "aliases": [],
    "minimum-stability": "stable",
    "stability-flags": [],
    "prefer-stable": false,
    "prefer-lowest": false,
    "platform": [],
    "platform-dev": [],
    "plugin-api-version": "2.2.0"
}
